
Microsoft Visual Studio Solution File, Format Version 12.00
# Visual Studio Version 16
VisualStudioVersion = 16.0.31424.327
MinimumVisualStudioVersion = 10.0.40219.1
Project("{FAE04EC0-301F-11D3-BF4B-00C04F79EFBC}") = "TextFileUI", "TextFileUI\TextFileUI.csproj", "{E4BBE388-1CAC-45A9-8146-A8B9EF14F9E4}"
EndProject
Project("{FAE04EC0-301F-11D3-BF4B-00C04F79EFBC}") = "DataAccessLibrary", "DataAccessLibrary\DataAccessLibrary.csproj", "{A555D1BB-1CEC-4C0B-BF24-1296E6234616}"
EndProject
Global
	GlobalSection(SolutionConfigurationPlatforms) = preSolution
		Debug|Any CPU = Debug|Any CPU
		Release|Any CPU = Release|Any CPU
	EndGlobalSection
	GlobalSection(ProjectConfigurationPlatforms) = postSolution
		{E4BBE388-1CAC-45A9-8146-A8B9EF14F9E4}.Debug|Any CPU.ActiveCfg = Debug|Any CPU
		{E4BBE388-1CAC-45A9-8146-A8B9EF14F9E4}.Debug|Any CPU.Build.0 = Debug|Any CPU
		{E4BBE388-1CAC-45A9-8146-A8B9EF14F9E4}.Release|Any CPU.ActiveCfg = Release|Any CPU
		{E4BBE388-1CAC-45A9-8146-A8B9EF14F9E4}.Release|Any CPU.Build.0 = Release|Any CPU
		{A555D1BB-1CEC-4C0B-BF24-1296E6234616}.Debug|Any CPU.ActiveCfg = Debug|Any CPU
		{A555D1BB-1CEC-4C0B-BF24-1296E6234616}.Debug|Any CPU.Build.0 = Debug|Any CPU
		{A555D1BB-1CEC-4C0B-BF24-1296E6234616}.Release|Any CPU.ActiveCfg = Release|Any CPU
		{A555D1BB-1CEC-4C0B-BF24-1296E6234616}.Release|Any CPU.Build.0 = Release|Any CPU
	EndGlobalSection
	GlobalSection(SolutionProperties) = preSolution
		HideSolutionNode = FALSE
	EndGlobalSection
	GlobalSection(ExtensibilityGlobals) = postSolution
		SolutionGuid = {F4970D2A-7853-478A-9C17-E806EEC7A352}
	EndGlobalSection
EndGlobal
